PODS:
  - Charts (3.3.0):
    - Charts/Core (= 3.3.0)
  - Charts/Core (3.3.0)

DEPENDENCIES:
  - Charts

SPEC REPOS:
  https://github.com/cocoapods/specs.git:
    - Charts

SPEC CHECKSUMS:
  Charts: ec1f57f9340054155691e84d4544a1d239d382c5

PODFILE CHECKSUM: a6e25775e3e1ff9e69dbf00d7b1964088a6d9022

COCOAPODS: 1.5.3
